// !$*UTF8*$!
{
	archiveVersion = 1;
	classes = {
	};
	objectVersion = 56;
	objects = {

/* Begin PBXBuildFile section */
		65F5E8072CE2A37300D53B34 /* AppDelegate.swift in Sources */ = {isa = PBXBuildFile; fileRef = 65F5E8062CE2A37300D53B34 /* AppDelegate.swift */; };
		65F5E8092CE2A37300D53B34 /* SceneDelegate.swift in Sources */ = {isa = PBXBuildFile; fileRef = 65F5E8082CE2A37300D53B34 /* SceneDelegate.swift */; };
		65F5E80B2CE2A37300D53B34 /* RootViewController.swift in Sources */ = {isa = PBXBuildFile; fileRef = 65F5E80A2CE2A37300D53B34 /* RootViewController.swift */; };
		65F5E8102CE2A37500D53B34 /* Assets.xcassets in Resources */ = {isa = PBXBuildFile; fileRef = 65F5E80F2CE2A37500D53B34 /* Assets.xcassets */; };
		65F5E8132CE2A37500D53B34 /* Base in Resources */ = {isa = PBXBuildFile; fileRef = 65F5E8122CE2A37500D53B34 /* Base */; };
		65F5E81E2CE2A37500D53B34 /* UserAccountProtocolOriTests.swift in Sources */ = {isa = PBXBuildFile; fileRef = 65F5E81D2CE2A37500D53B34 /* UserAccountProtocolOriTests.swift */; };
		65F5E8282CE2A37500D53B34 /* UserAccountProtocolOriUITests.swift in Sources */ = {isa = PBXBuildFile; fileRef = 65F5E8272CE2A37500D53B34 /* UserAccountProtocolOriUITests.swift */; };
		65F5E82A2CE2A37500D53B34 /* UserAccountProtocolOriUITestsLaunchTests.swift in Sources */ = {isa = PBXBuildFile; fileRef = 65F5E8292CE2A37500D53B34 /* UserAccountProtocolOriUITestsLaunchTests.swift */; };
		65F5E8382CE2A76E00D53B34 /* LoginViewController.swift in Sources */ = {isa = PBXBuildFile; fileRef = 65F5E8372CE2A76E00D53B34 /* LoginViewController.swift */; };
		65F5E83A2CE2A7DA00D53B34 /* MainViewController.swift in Sources */ = {isa = PBXBuildFile; fileRef = 65F5E8392CE2A7DA00D53B34 /* MainViewController.swift */; };
		65F5E83D2CE2AADA00D53B34 /* RootViewModel.swift in Sources */ = {isa = PBXBuildFile; fileRef = 65F5E83C2CE2AADA00D53B34 /* RootViewModel.swift */; };
		65F5E83F2CE2ABFB00D53B34 /* RootViewModelOutput.swift in Sources */ = {isa = PBXBuildFile; fileRef = 65F5E83E2CE2ABFB00D53B34 /* RootViewModelOutput.swift */; };
		65F5E8422CE2AF9300D53B34 /* LoginService.swift in Sources */ = {isa = PBXBuildFile; fileRef = 65F5E8412CE2AF9300D53B34 /* LoginService.swift */; };
		65F5E8442CE2B09600D53B34 /* LoginServiceImpl.swift in Sources */ = {isa = PBXBuildFile; fileRef = 65F5E8432CE2B09600D53B34 /* LoginServiceImpl.swift */; };
/* End PBXBuildFile section */

/* Begin PBXContainerItemProxy section */
		65F5E81A2CE2A37500D53B34 /* PBXContainerItemProxy */ = {
			isa = PBXContainerItemProxy;
			containerPortal = 65F5E7FB2CE2A37300D53B34 /* Project object */;
			proxyType = 1;
			remoteGlobalIDString = 65F5E8022CE2A37300D53B34;
			remoteInfo = UserAccountProtocolOri;
		};
		65F5E8242CE2A37500D53B34 /* PBXContainerItemProxy */ = {
			isa = PBXContainerItemProxy;
			containerPortal = 65F5E7FB2CE2A37300D53B34 /* Project object */;
			proxyType = 1;
			remoteGlobalIDString = 65F5E8022CE2A37300D53B34;
			remoteInfo = UserAccountProtocolOri;
		};
/* End PBXContainerItemProxy section */

/* Begin PBXFileReference section */
		65F5E8032CE2A37300D53B34 /* UserAccountProtocolOri.app */ = {isa = PBXFileReference; explicitFileType = wrapper.application; includeInIndex = 0; path = UserAccountProtocolOri.app; sourceTree = BUILT_PRODUCTS_DIR; };
		65F5E8062CE2A37300D53B34 /* AppDelegate.swift */ = {isa = PBXFileReference; lastKnownFileType = sourcecode.swift; path = AppDelegate.swift; sourceTree = "<group>"; };
		65F5E8082CE2A37300D53B34 /* SceneDelegate.swift */ = {isa = PBXFileReference; lastKnownFileType = sourcecode.swift; path = SceneDelegate.swift; sourceTree = "<group>"; };
		65F5E80A2CE2A37300D53B34 /* RootViewController.swift */ = {isa = PBXFileReference; lastKnownFileType = sourcecode.swift; path = RootViewController.swift; sourceTree = "<group>"; };
		65F5E80F2CE2A37500D53B34 /* Assets.xcassets */ = {isa = PBXFileReference; lastKnownFileType = folder.assetcatalog; path = Assets.xcassets; sourceTree = "<group>"; };
		65F5E8122CE2A37500D53B34 /* Base */ = {isa = PBXFileReference; lastKnownFileType = file.storyboard; name = Base; path = Base.lproj/LaunchScreen.storyboard; sourceTree = "<group>"; };
		65F5E8142CE2A37500D53B34 /* Info.plist */ = {isa = PBXFileReference; lastKnownFileType = text.plist.xml; path = Info.plist; sourceTree = "<group>"; };
		65F5E8192CE2A37500D53B34 /* UserAccountProtocolOriTests.xctest */ = {isa = PBXFileReference; explicitFileType = wrapper.cfbundle; includeInIndex = 0; path = UserAccountProtocolOriTests.xctest; sourceTree = BUILT_PRODUCTS_DIR; };
		65F5E81D2CE2A37500D53B34 /* UserAccountProtocolOriTests.swift */ = {isa = PBXFileReference; lastKnownFileType = sourcecode.swift; path = UserAccountProtocolOriTests.swift; sourceTree = "<group>"; };
		65F5E8232CE2A37500D53B34 /* UserAccountProtocolOriUITests.xctest */ = {isa = PBXFileReference; explicitFileType = wrapper.cfbundle; includeInIndex = 0; path = UserAccountProtocolOriUITests.xctest; sourceTree = BUILT_PRODUCTS_DIR; };
		65F5E8272CE2A37500D53B34 /* UserAccountProtocolOriUITests.swift */ = {isa = PBXFileReference; lastKnownFileType = sourcecode.swift; path = UserAccountProtocolOriUITests.swift; sourceTree = "<group>"; };
		65F5E8292CE2A37500D53B34 /* UserAccountProtocolOriUITestsLaunchTests.swift */ = {isa = PBXFileReference; lastKnownFileType = sourcecode.swift; path = UserAccountProtocolOriUITestsLaunchTests.swift; sourceTree = "<group>"; };
		65F5E8372CE2A76E00D53B34 /* LoginViewController.swift */ = {isa = PBXFileReference; lastKnownFileType = sourcecode.swift; path = LoginViewController.swift; sourceTree = "<group>"; };
		65F5E8392CE2A7DA00D53B34 /* MainViewController.swift */ = {isa = PBXFileReference; lastKnownFileType = sourcecode.swift; path = MainViewController.swift; sourceTree = "<group>"; };
		65F5E83C2CE2AADA00D53B34 /* RootViewModel.swift */ = {isa = PBXFileReference; lastKnownFileType = sourcecode.swift; path = RootViewModel.swift; sourceTree = "<group>"; };
		65F5E83E2CE2ABFB00D53B34 /* RootViewModelOutput.swift */ = {isa = PBXFileReference; lastKnownFileType = sourcecode.swift; path = RootViewModelOutput.swift; sourceTree = "<group>"; };
		65F5E8412CE2AF9300D53B34 /* LoginService.swift */ = {isa = PBXFileReference; lastKnownFileType = sourcecode.swift; path = LoginService.swift; sourceTree = "<group>"; };
		65F5E8432CE2B09600D53B34 /* LoginServiceImpl.swift */ = {isa = PBXFileReference; lastKnownFileType = sourcecode.swift; path = LoginServiceImpl.swift; sourceTree = "<group>"; };
/* End PBXFileReference section */

/* Begin PBXFrameworksBuildPhase section */
		65F5E8002CE2A37300D53B34 /* Frameworks */ = {
			isa = PBXFrameworksBuildPhase;
			buildActionMask = 2147483647;
			files = (
			);
			runOnlyForDeploymentPostprocessing = 0;
		};
		65F5E8162CE2A37500D53B34 /* Frameworks */ = {
			isa = PBXFrameworksBuildPhase;
			buildActionMask = 2147483647;
			files = (
			);
			runOnlyForDeploymentPostprocessing = 0;
		};
		65F5E8202CE2A37500D53B34 /* Frameworks */ = {
			isa = PBXFrameworksBuildPhase;
			buildActionMask = 2147483647;
			files = (
			);
			runOnlyForDeploymentPostprocessing = 0;
		};
/* End PBXFrameworksBuildPhase section */

/* Begin PBXGroup section */
		65F5E7FA2CE2A37300D53B34 = {
			isa = PBXGroup;
			children = (
				65F5E8052CE2A37300D53B34 /* UserAccountProtocolOri */,
				65F5E81C2CE2A37500D53B34 /* UserAccountProtocolOriTests */,
				65F5E8262CE2A37500D53B34 /* UserAccountProtocolOriUITests */,
				65F5E8042CE2A37300D53B34 /* Products */,
			);
			sourceTree = "<group>";
		};
		65F5E8042CE2A37300D53B34 /* Products */ = {
			isa = PBXGroup;
			children = (
				65F5E8032CE2A37300D53B34 /* UserAccountProtocolOri.app */,
				65F5E8192CE2A37500D53B34 /* UserAccountProtocolOriTests.xctest */,
				65F5E8232CE2A37500D53B34 /* UserAccountProtocolOriUITests.xctest */,
			);
			name = Products;
			sourceTree = "<group>";
		};
		65F5E8052CE2A37300D53B34 /* UserAccountProtocolOri */ = {
			isa = PBXGroup;
			children = (
				65F5E8402CE2AF7800D53B34 /* StorageService */,
				65F5E83B2CE2AAC200D53B34 /* ViewModel */,
				65F5E8362CE2A75600D53B34 /* View */,
				65F5E8062CE2A37300D53B34 /* AppDelegate.swift */,
				65F5E8082CE2A37300D53B34 /* SceneDelegate.swift */,
				65F5E80F2CE2A37500D53B34 /* Assets.xcassets */,
				65F5E8112CE2A37500D53B34 /* LaunchScreen.storyboard */,
				65F5E8142CE2A37500D53B34 /* Info.plist */,
			);
			path = UserAccountProtocolOri;
			sourceTree = "<group>";
		};
		65F5E81C2CE2A37500D53B34 /* UserAccountProtocolOriTests */ = {
			isa = PBXGroup;
			children = (
				65F5E81D2CE2A37500D53B34 /* UserAccountProtocolOriTests.swift */,
			);
			path = UserAccountProtocolOriTests;
			sourceTree = "<group>";
		};
		65F5E8262CE2A37500D53B34 /* UserAccountProtocolOriUITests */ = {
			isa = PBXGroup;
			children = (
				65F5E8272CE2A37500D53B34 /* UserAccountProtocolOriUITests.swift */,
				65F5E8292CE2A37500D53B34 /* UserAccountProtocolOriUITestsLaunchTests.swift */,
			);
			path = UserAccountProtocolOriUITests;
			sourceTree = "<group>";
		};
		65F5E8362CE2A75600D53B34 /* View */ = {
			isa = PBXGroup;
			children = (
				65F5E80A2CE2A37300D53B34 /* RootViewController.swift */,
				65F5E8372CE2A76E00D53B34 /* LoginViewController.swift */,
				65F5E8392CE2A7DA00D53B34 /* MainViewController.swift */,
			);
			path = View;
			sourceTree = "<group>";
		};
		65F5E83B2CE2AAC200D53B34 /* ViewModel */ = {
			isa = PBXGroup;
			children = (
				65F5E83C2CE2AADA00D53B34 /* RootViewModel.swift */,
				65F5E83E2CE2ABFB00D53B34 /* RootViewModelOutput.swift */,
			);
			path = ViewModel;
			sourceTree = "<group>";
		};
		65F5E8402CE2AF7800D53B34 /* StorageService */ = {
			isa = PBXGroup;
			children = (
				65F5E8412CE2AF9300D53B34 /* LoginService.swift */,
				65F5E8432CE2B09600D53B34 /* LoginServiceImpl.swift */,
			);
			path = StorageService;
			sourceTree = "<group>";
		};
/* End PBXGroup section */

/* Begin PBXNativeTarget section */
		65F5E8022CE2A37300D53B34 /* UserAccountProtocolOri */ = {
			isa = PBXNativeTarget;
			buildConfigurationList = 65F5E82D2CE2A37500D53B34 /* Build configuration list for PBXNativeTarget "UserAccountProtocolOri" */;
			buildPhases = (
				65F5E7FF2CE2A37300D53B34 /* Sources */,
				65F5E8002CE2A37300D53B34 /* Frameworks */,
				65F5E8012CE2A37300D53B34 /* Resources */,
			);
			buildRules = (
			);
			dependencies = (
			);
			name = UserAccountProtocolOri;
			productName = UserAccountProtocolOri;
			productReference = 65F5E8032CE2A37300D53B34 /* UserAccountProtocolOri.app */;
			productType = "com.apple.product-type.application";
		};
		65F5E8182CE2A37500D53B34 /* UserAccountProtocolOriTests */ = {
			isa = PBXNativeTarget;
			buildConfigurationList = 65F5E8302CE2A37500D53B34 /* Build configuration list for PBXNativeTarget "UserAccountProtocolOriTests" */;
			buildPhases = (
				65F5E8152CE2A37500D53B34 /* Sources */,
				65F5E8162CE2A37500D53B34 /* Frameworks */,
				65F5E8172CE2A37500D53B34 /* Resources */,
			);
			buildRules = (
			);
			dependencies = (
				65F5E81B2CE2A37500D53B34 /* PBXTargetDependency */,
			);
			name = UserAccountProtocolOriTests;
			productName = UserAccountProtocolOriTests;
			productReference = 65F5E8192CE2A37500D53B34 /* UserAccountProtocolOriTests.xctest */;
			productType = "com.apple.product-type.bundle.unit-test";
		};
		65F5E8222CE2A37500D53B34 /* UserAccountProtocolOriUITests */ = {
			isa = PBXNativeTarget;
			buildConfigurationList = 65F5E8332CE2A37500D53B34 /* Build configuration list for PBXNativeTarget "UserAccountProtocolOriUITests" */;
			buildPhases = (
				65F5E81F2CE2A37500D53B34 /* Sources */,
				65F5E8202CE2A37500D53B34 /* Frameworks */,
				65F5E8212CE2A37500D53B34 /* Resources */,
			);
			buildRules = (
			);
			dependencies = (
				65F5E8252CE2A37500D53B34 /* PBXTargetDependency */,
			);
			name = UserAccountProtocolOriUITests;
			productName = UserAccountProtocolOriUITests;
			productReference = 65F5E8232CE2A37500D53B34 /* UserAccountProtocolOriUITests.xctest */;
			productType = "com.apple.product-type.bundle.ui-testing";
		};
/* End PBXNativeTarget section */

/* Begin PBXProject section */
		65F5E7FB2CE2A37300D53B34 /* Project object */ = {
			isa = PBXProject;
			attributes = {
				BuildIndependentTargetsInParallel = 1;
				LastSwiftUpdateCheck = 1540;
				LastUpgradeCheck = 1540;
				TargetAttributes = {
					65F5E8022CE2A37300D53B34 = {
						CreatedOnToolsVersion = 15.4;
					};
					65F5E8182CE2A37500D53B34 = {
						CreatedOnToolsVersion = 15.4;
						TestTargetID = 65F5E8022CE2A37300D53B34;
					};
					65F5E8222CE2A37500D53B34 = {
						CreatedOnToolsVersion = 15.4;
						TestTargetID = 65F5E8022CE2A37300D53B34;
					};
				};
			};
			buildConfigurationList = 65F5E7FE2CE2A37300D53B34 /* Build configuration list for PBXProject "UserAccountProtocolOri" */;
			compatibilityVersion = "Xcode 14.0";
			developmentRegion = en;
			hasScannedForEncodings = 0;
			knownRegions = (
				en,
				Base,
			);
			mainGroup = 65F5E7FA2CE2A37300D53B34;
			productRefGroup = 65F5E8042CE2A37300D53B34 /* Products */;
			projectDirPath = "";
			projectRoot = "";
			targets = (
				65F5E8022CE2A37300D53B34 /* UserAccountProtocolOri */,
				65F5E8182CE2A37500D53B34 /* UserAccountProtocolOriTests */,
				65F5E8222CE2A37500D53B34 /* UserAccountProtocolOriUITests */,
			);
		};
/* End PBXProject section */

/* Begin PBXResourcesBuildPhase section */
		65F5E8012CE2A37300D53B34 /* Resources */ = {
			isa = PBXResourcesBuildPhase;
			buildActionMask = 2147483647;
			files = (
				65F5E8102CE2A37500D53B34 /* Assets.xcassets in Resources */,
				65F5E8132CE2A37500D53B34 /* Base in Resources */,
			);
			runOnlyForDeploymentPostprocessing = 0;
		};
		65F5E8172CE2A37500D53B34 /* Resources */ = {
			isa = PBXResourcesBuildPhase;
			buildActionMask = 2147483647;
			files = (
			);
			runOnlyForDeploymentPostprocessing = 0;
		};
		65F5E8212CE2A37500D53B34 /* Resources */ = {
			isa = PBXResourcesBuildPhase;
			buildActionMask = 2147483647;
			files = (
			);
			runOnlyForDeploymentPostprocessing = 0;
		};
/* End PBXResourcesBuildPhase section */

/* Begin PBXSourcesBuildPhase section */
		65F5E7FF2CE2A37300D53B34 /* Sources */ = {
			isa = PBXSourcesBuildPhase;
			buildActionMask = 2147483647;
			files = (
				65F5E8382CE2A76E00D53B34 /* LoginViewController.swift in Sources */,
				65F5E80B2CE2A37300D53B34 /* RootViewController.swift in Sources */,
				65F5E83F2CE2ABFB00D53B34 /* RootViewModelOutput.swift in Sources */,
				65F5E8072CE2A37300D53B34 /* AppDelegate.swift in Sources */,
				65F5E83A2CE2A7DA00D53B34 /* MainViewController.swift in Sources */,
				65F5E83D2CE2AADA00D53B34 /* RootViewModel.swift in Sources */,
				65F5E8092CE2A37300D53B34 /* SceneDelegate.swift in Sources */,
				65F5E8442CE2B09600D53B34 /* LoginServiceImpl.swift in Sources */,
				65F5E8422CE2AF9300D53B34 /* LoginService.swift in Sources */,
			);
			runOnlyForDeploymentPostprocessing = 0;
		};
		65F5E8152CE2A37500D53B34 /* Sources */ = {
			isa = PBXSourcesBuildPhase;
			buildActionMask = 2147483647;
			files = (
				65F5E81E2CE2A37500D53B34 /* UserAccountProtocolOriTests.swift in Sources */,
			);
			runOnlyForDeploymentPostprocessing = 0;
		};
		65F5E81F2CE2A37500D53B34 /* Sources */ = {
			isa = PBXSourcesBuildPhase;
			buildActionMask = 2147483647;
			files = (
				65F5E82A2CE2A37500D53B34 /* UserAccountProtocolOriUITestsLaunchTests.swift in Sources */,
				65F5E8282CE2A37500D53B34 /* UserAccountProtocolOriUITests.swift in Sources */,
			);
			runOnlyForDeploymentPostprocessing = 0;
		};
/* End PBXSourcesBuildPhase section */

/* Begin PBXTargetDependency section */
		65F5E81B2CE2A37500D53B34 /* PBXTargetDependency */ = {
			isa = PBXTargetDependency;
			target = 65F5E8022CE2A37300D53B34 /* UserAccountProtocolOri */;
			targetProxy = 65F5E81A2CE2A37500D53B34 /* PBXContainerItemProxy */;
		};
		65F5E8252CE2A37500D53B34 /* PBXTargetDependency */ = {
			isa = PBXTargetDependency;
			target = 65F5E8022CE2A37300D53B34 /* UserAccountProtocolOri */;
			targetProxy = 65F5E8242CE2A37500D53B34 /* PBXContainerItemProxy */;
		};
/* End PBXTargetDependency section */

/* Begin PBXVariantGroup section */
		65F5E8112CE2A37500D53B34 /* LaunchScreen.storyboard */ = {
			isa = PBXVariantGroup;
			children = (
				65F5E8122CE2A37500D53B34 /* Base */,
			);
			name = LaunchScreen.storyboard;
			sourceTree = "<group>";
		};
/* End PBXVariantGroup section */

/* Begin XCBuildConfiguration section */
		65F5E82B2CE2A37500D53B34 /* Debug */ = {
			isa = XCBuildConfiguration;
			buildSettings = {
				ALWAYS_SEARCH_USER_PATHS = NO;
				ASSETCATALOG_COMPILER_GENERATE_SWIFT_ASSET_SYMBOL_EXTENSIONS = YES;
				CLANG_ANALYZER_NONNULL = YES;
				CLANG_ANALYZER_NUMBER_OBJECT_CONVERSION = YES_AGGRESSIVE;
				CLANG_CXX_LANGUAGE_STANDARD = "gnu++20";
				CLANG_ENABLE_MODULES = YES;
				CLANG_ENABLE_OBJC_ARC = YES;
				CLANG_ENABLE_OBJC_WEAK = YES;
				CLANG_WARN_BLOCK_CAPTURE_AUTORELEASING = YES;
				CLANG_WARN_BOOL_CONVERSION = YES;
				CLANG_WARN_COMMA = YES;
				CLANG_WARN_CONSTANT_CONVERSION = YES;
				CLANG_WARN_DEPRECATED_OBJC_IMPLEMENTATIONS = YES;
				CLANG_WARN_DIRECT_OBJC_ISA_USAGE = YES_ERROR;
				CLANG_WARN_DOCUMENTATION_COMMENTS = YES;
				CLANG_WARN_EMPTY_BODY = YES;
				CLANG_WARN_ENUM_CONVERSION = YES;
				CLANG_WARN_INFINITE_RECURSION = YES;
				CLANG_WARN_INT_CONVERSION = YES;
				CLANG_WARN_NON_LITERAL_NULL_CONVERSION = YES;
				CLANG_WARN_OBJC_IMPLICIT_RETAIN_SELF = YES;
				CLANG_WARN_OBJC_LITERAL_CONVERSION = YES;
				CLANG_WARN_OBJC_ROOT_CLASS = YES_ERROR;
				CLANG_WARN_QUOTED_INCLUDE_IN_FRAMEWORK_HEADER = YES;
				CLANG_WARN_RANGE_LOOP_ANALYSIS = YES;
				CLANG_WARN_STRICT_PROTOTYPES = YES;
				CLANG_WARN_SUSPICIOUS_MOVE = YES;
				CLANG_WARN_UNGUARDED_AVAILABILITY = YES_AGGRESSIVE;
				CLANG_WARN_UNREACHABLE_CODE = YES;
				CLANG_WARN__DUPLICATE_METHOD_MATCH = YES;
				COPY_PHASE_STRIP = NO;
				DEBUG_INFORMATION_FORMAT = dwarf;
				ENABLE_STRICT_OBJC_MSGSEND = YES;
				ENABLE_TESTABILITY = YES;
				ENABLE_USER_SCRIPT_SANDBOXING = YES;
				GCC_C_LANGUAGE_STANDARD = gnu17;
				GCC_DYNAMIC_NO_PIC = NO;
				GCC_NO_COMMON_BLOCKS = YES;
				GCC_OPTIMIZATION_LEVEL = 0;
				GCC_PREPROCESSOR_DEFINITIONS = (
					"DEBUG=1",
					"$(inherited)",
				);
				GCC_WARN_64_TO_32_BIT_CONVERSION = YES;
				GCC_WARN_ABOUT_RETURN_TYPE = YES_ERROR;
				GCC_WARN_UNDECLARED_SELECTOR = YES;
				GCC_WARN_UNINITIALIZED_AUTOS = YES_AGGRESSIVE;
				GCC_WARN_UNUSED_FUNCTION = YES;
				GCC_WARN_UNUSED_VARIABLE = YES;
				IPHONEOS_DEPLOYMENT_TARGET = 17.5;
				LOCALIZATION_PREFERS_STRING_CATALOGS = YES;
				MTL_ENABLE_DEBUG_INFO = INCLUDE_SOURCE;
				MTL_FAST_MATH = YES;
				ONLY_ACTIVE_ARCH = YES;
				SDKROOT = iphoneos;
				SWIFT_ACTIVE_COMPILATION_CONDITIONS = "DEBUG $(inherited)";
				SWIFT_OPTIMIZATION_LEVEL = "-Onone";
			};
			name = Debug;
		};
		65F5E82C2CE2A37500D53B34 /* Release */ = {
			isa = XCBuildConfiguration;
			buildSettings = {
				ALWAYS_SEARCH_USER_PATHS = NO;
				ASSETCATALOG_COMPILER_GENERATE_SWIFT_ASSET_SYMBOL_EXTENSIONS = YES;
				CLANG_ANALYZER_NONNULL = YES;
				CLANG_ANALYZER_NUMBER_OBJECT_CONVERSION = YES_AGGRESSIVE;
				CLANG_CXX_LANGUAGE_STANDARD = "gnu++20";
				CLANG_ENABLE_MODULES = YES;
				CLANG_ENABLE_OBJC_ARC = YES;
				CLANG_ENABLE_OBJC_WEAK = YES;
				CLANG_WARN_BLOCK_CAPTURE_AUTORELEASING = YES;
				CLANG_WARN_BOOL_CONVERSION = YES;
				CLANG_WARN_COMMA = YES;
				CLANG_WARN_CONSTANT_CONVERSION = YES;
				CLANG_WARN_DEPRECATED_OBJC_IMPLEMENTATIONS = YES;
				CLANG_WARN_DIRECT_OBJC_ISA_USAGE = YES_ERROR;
				CLANG_WARN_DOCUMENTATION_COMMENTS = YES;
				CLANG_WARN_EMPTY_BODY = YES;
				CLANG_WARN_ENUM_CONVERSION = YES;
				CLANG_WARN_INFINITE_RECURSION = YES;
				CLANG_WARN_INT_CONVERSION = YES;
				CLANG_WARN_NON_LITERAL_NULL_CONVERSION = YES;
				CLANG_WARN_OBJC_IMPLICIT_RETAIN_SELF = YES;
				CLANG_WARN_OBJC_LITERAL_CONVERSION = YES;
				CLANG_WARN_OBJC_ROOT_CLASS = YES_ERROR;
				CLANG_WARN_QUOTED_INCLUDE_IN_FRAMEWORK_HEADER = YES;
				CLANG_WARN_RANGE_LOOP_ANALYSIS = YES;
				CLANG_WARN_STRICT_PROTOTYPES = YES;
				CLANG_WARN_SUSPICIOUS_MOVE = YES;
				CLANG_WARN_UNGUARDED_AVAILABILITY = YES_AGGRESSIVE;
				CLANG_WARN_UNREACHABLE_CODE = YES;
				CLANG_WARN__DUPLICATE_METHOD_MATCH = YES;
				COPY_PHASE_STRIP = NO;
				DEBUG_INFORMATION_FORMAT = "dwarf-with-dsym";
				ENABLE_NS_ASSERTIONS = NO;
				ENABLE_STRICT_OBJC_MSGSEND = YES;
				ENABLE_USER_SCRIPT_SANDBOXING = YES;
				GCC_C_LANGUAGE_STANDARD = gnu17;
				GCC_NO_COMMON_BLOCKS = YES;
				GCC_WARN_64_TO_32_BIT_CONVERSION = YES;
				GCC_WARN_ABOUT_RETURN_TYPE = YES_ERROR;
				GCC_WARN_UNDECLARED_SELECTOR = YES;
				GCC_WARN_UNINITIALIZED_AUTOS = YES_AGGRESSIVE;
				GCC_WARN_UNUSED_FUNCTION = YES;
				GCC_WARN_UNUSED_VARIABLE = YES;
				IPHONEOS_DEPLOYMENT_TARGET = 17.5;
				LOCALIZATION_PREFERS_STRING_CATALOGS = YES;
				MTL_ENABLE_DEBUG_INFO = NO;
				MTL_FAST_MATH = YES;
				SDKROOT = iphoneos;
				SWIFT_COMPILATION_MODE = wholemodule;
				VALIDATE_PRODUCT = YES;
			};
			name = Release;
		};
		65F5E82E2CE2A37500D53B34 /* Debug */ = {
			isa = XCBuildConfiguration;
			buildSettings = {
				ASSETCATALOG_COMPILER_APPICON_NAME = AppIcon;
				ASSETCATALOG_COMPILER_GLOBAL_ACCENT_COLOR_NAME = AccentColor;
				CODE_SIGN_STYLE = Automatic;
				CURRENT_PROJECT_VERSION = 1;
				GENERATE_INFOPLIST_FILE = YES;
				INFOPLIST_FILE = UserAccountProtocolOri/Info.plist;
				INFOPLIST_KEY_UIApplicationSupportsIndirectInputEvents = YES;
				INFOPLIST_KEY_UILaunchStoryboardName = LaunchScreen;
				INFOPLIST_KEY_UISupportedInterfaceOrientations_iPad = "UIInterfaceOrientationPortrait UIInterfaceOrientationPortraitUpsideDown UIInterfaceOrientationLandscapeLeft UIInterfaceOrientationLandscapeRight";
				INFOPLIST_KEY_UISupportedInterfaceOrientations_iPhone = "UIInterfaceOrientationPortrait UIInterfaceOrientationLandscapeLeft UIInterfaceOrientationLandscapeRight";
				LD_RUNPATH_SEARCH_PATHS = (
					"$(inherited)",
					"@executable_path/Frameworks",
				);
				MARKETING_VERSION = 1.0;
				PRODUCT_BUNDLE_IDENTIFIER = com.haticetasdemir.UserAccountProtocolOri;
				PRODUCT_NAME = "$(TARGET_NAME)";
				SWIFT_EMIT_LOC_STRINGS = YES;
				SWIFT_VERSION = 5.0;
				TARGETED_DEVICE_FAMILY = "1,2";
			};
			name = Debug;
		};
		65F5E82F2CE2A37500D53B34 /* Release */ = {
			isa = XCBuildConfiguration;
			buildSettings = {
				ASSETCATALOG_COMPILER_APPICON_NAME = AppIcon;
				ASSETCATALOG_COMPILER_GLOBAL_ACCENT_COLOR_NAME = AccentColor;
				CODE_SIGN_STYLE = Automatic;
				CURRENT_PROJECT_VERSION = 1;
				GENERATE_INFOPLIST_FILE = YES;
				INFOPLIST_FILE = UserAccountProtocolOri/Info.plist;
				INFOPLIST_KEY_UIApplicationSupportsIndirectInputEvents = YES;
				INFOPLIST_KEY_UILaunchStoryboardName = LaunchScreen;
				INFOPLIST_KEY_UISupportedInterfaceOrientations_iPad = "UIInterfaceOrientationPortrait UIInterfaceOrientationPortraitUpsideDown UIInterfaceOrientationLandscapeLeft UIInterfaceOrientationLandscapeRight";
				INFOPLIST_KEY_UISupportedInterfaceOrientations_iPhone = "UIInterfaceOrientationPortrait UIInterfaceOrientationLandscapeLeft UIInterfaceOrientationLandscapeRight";
				LD_RUNPATH_SEARCH_PATHS = (
					"$(inherited)",
					"@executable_path/Frameworks",
				);
				MARKETING_VERSION = 1.0;
				PRODUCT_BUNDLE_IDENTIFIER = com.haticetasdemir.UserAccountProtocolOri;
				PRODUCT_NAME = "$(TARGET_NAME)";
				SWIFT_EMIT_LOC_STRINGS = YES;
				SWIFT_VERSION = 5.0;
				TARGETED_DEVICE_FAMILY = "1,2";
			};
			name = Release;
		};
		65F5E8312CE2A37500D53B34 /* Debug */ = {
			isa = XCBuildConfiguration;
			buildSettings = {
				ALWAYS_EMBED_SWIFT_STANDARD_LIBRARIES = YES;
				BUNDLE_LOADER = "$(TEST_HOST)";
				CODE_SIGN_STYLE = Automatic;
				CURRENT_PROJECT_VERSION = 1;
				GENERATE_INFOPLIST_FILE = YES;
				IPHONEOS_DEPLOYMENT_TARGET = 17.5;
				MARKETING_VERSION = 1.0;
				PRODUCT_BUNDLE_IDENTIFIER = com.haticetasdemir.UserAccountProtocolOriTests;
				PRODUCT_NAME = "$(TARGET_NAME)";
				SWIFT_EMIT_LOC_STRINGS = NO;
				SWIFT_VERSION = 5.0;
				TARGETED_DEVICE_FAMILY = "1,2";
				TEST_HOST = "$(BUILT_PRODUCTS_DIR)/UserAccountProtocolOri.app/$(BUNDLE_EXECUTABLE_FOLDER_PATH)/UserAccountProtocolOri";
			};
			name = Debug;
		};
		65F5E8322CE2A37500D53B34 /* Release */ = {
			isa = XCBuildConfiguration;
			buildSettings = {
				ALWAYS_EMBED_SWIFT_STANDARD_LIBRARIES = YES;
				BUNDLE_LOADER = "$(TEST_HOST)";
				CODE_SIGN_STYLE = Automatic;
				CURRENT_PROJECT_VERSION = 1;
				GENERATE_INFOPLIST_FILE = YES;
				IPHONEOS_DEPLOYMENT_TARGET = 17.5;
				MARKETING_VERSION = 1.0;
				PRODUCT_BUNDLE_IDENTIFIER = com.haticetasdemir.UserAccountProtocolOriTests;
				PRODUCT_NAME = "$(TARGET_NAME)";
				SWIFT_EMIT_LOC_STRINGS = NO;
				SWIFT_VERSION = 5.0;
				TARGETED_DEVICE_FAMILY = "1,2";
				TEST_HOST = "$(BUILT_PRODUCTS_DIR)/UserAccountProtocolOri.app/$(BUNDLE_EXECUTABLE_FOLDER_PATH)/UserAccountProtocolOri";
			};
			name = Release;
		};
		65F5E8342CE2A37500D53B34 /* Debug */ = {
			isa = XCBuildConfiguration;
			buildSettings = {
				ALWAYS_EMBED_SWIFT_STANDARD_LIBRARIES = YES;
				CODE_SIGN_STYLE = Automatic;
				CURRENT_PROJECT_VERSION = 1;
				GENERATE_INFOPLIST_FILE = YES;
				MARKETING_VERSION = 1.0;
				PRODUCT_BUNDLE_IDENTIFIER = com.haticetasdemir.UserAccountProtocolOriUITests;
				PRODUCT_NAME = "$(TARGET_NAME)";
				SWIFT_EMIT_LOC_STRINGS = NO;
				SWIFT_VERSION = 5.0;
				TARGETED_DEVICE_FAMILY = "1,2";
				TEST_TARGET_NAME = UserAccountProtocolOri;
			};
			name = Debug;
		};
		65F5E8352CE2A37500D53B34 /* Release */ = {
			isa = XCBuildConfiguration;
			buildSettings = {
				ALWAYS_EMBED_SWIFT_STANDARD_LIBRARIES = YES;
				CODE_SIGN_STYLE = Automatic;
				CURRENT_PROJECT_VERSION = 1;
				GENERATE_INFOPLIST_FILE = YES;
				MARKETING_VERSION = 1.0;
				PRODUCT_BUNDLE_IDENTIFIER = com.haticetasdemir.UserAccountProtocolOriUITests;
				PRODUCT_NAME = "$(TARGET_NAME)";
				SWIFT_EMIT_LOC_STRINGS = NO;
				SWIFT_VERSION = 5.0;
				TARGETED_DEVICE_FAMILY = "1,2";
				TEST_TARGET_NAME = UserAccountProtocolOri;
			};
			name = Release;
		};
/* End XCBuildConfiguration section */

/* Begin XCConfigurationList section */
		65F5E7FE2CE2A37300D53B34 /* Build configuration list for PBXProject "UserAccountProtocolOri" */ = {
			isa = XCConfigurationList;
			buildConfigurations = (
				65F5E82B2CE2A37500D53B34 /* Debug */,
				65F5E82C2CE2A37500D53B34 /* Release */,
			);
			defaultConfigurationIsVisible = 0;
			defaultConfigurationName = Release;
		};
		65F5E82D2CE2A37500D53B34 /* Build configuration list for PBXNativeTarget "UserAccountProtocolOri" */ = {
			isa = XCConfigurationList;
			buildConfigurations = (
				65F5E82E2CE2A37500D53B34 /* Debug */,
				65F5E82F2CE2A37500D53B34 /* Release */,
			);
			defaultConfigurationIsVisible = 0;
			defaultConfigurationName = Release;
		};
		65F5E8302CE2A37500D53B34 /* Build configuration list for PBXNativeTarget "UserAccountProtocolOriTests" */ = {
			isa = XCConfigurationList;
			buildConfigurations = (
				65F5E8312CE2A37500D53B34 /* Debug */,
				65F5E8322CE2A37500D53B34 /* Release */,
			);
			defaultConfigurationIsVisible = 0;
			defaultConfigurationName = Release;
		};
		65F5E8332CE2A37500D53B34 /* Build configuration list for PBXNativeTarget "UserAccountProtocolOriUITests" */ = {
			isa = XCConfigurationList;
			buildConfigurations = (
				65F5E8342CE2A37500D53B34 /* Debug */,
				65F5E8352CE2A37500D53B34 /* Release */,
			);
			defaultConfigurationIsVisible = 0;
			defaultConfigurationName = Release;
		};
/* End XCConfigurationList section */
	};
	rootObject = 65F5E7FB2CE2A37300D53B34 /* Project object */;
}
